// !$*UTF8*$!
{
	archiveVersion = 1;
	classes = {
	};
	objectVersion = 56;
	objects = {

/* Begin PBXBuildFile section */
		12143EA62B5C8ADE004A168F /* AuthViewModel.swift in Sources */ = {isa = PBXBuildFile; fileRef = 12143EA22B5C8ADE004A168F /* AuthViewModel.swift */; };
		12143EA72B5C8ADE004A168F /* RegistrationView.swift in Sources */ = {isa = PBXBuildFile; fileRef = 12143EA42B5C8ADE004A168F /* RegistrationView.swift */; };
		12143EA82B5C8ADE004A168F /* LoginView.swift in Sources */ = {isa = PBXBuildFile; fileRef = 12143EA52B5C8ADE004A168F /* LoginView.swift */; };
		12143EAB2B5C8AE9004A168F /* InputView.swift in Sources */ = {isa = PBXBuildFile; fileRef = 12143EAA2B5C8AE9004A168F /* InputView.swift */; };
		12143EAE2B5C8AF1004A168F /* User.swift in Sources */ = {isa = PBXBuildFile; fileRef = 12143EAD2B5C8AF1004A168F /* User.swift */; };
		12143EB02B5C8AF7004A168F /* TwilioSMSManager.swift in Sources */ = {isa = PBXBuildFile; fileRef = 12143EAF2B5C8AF7004A168F /* TwilioSMSManager.swift */; };
		12143EB22B5C8B0A004A168F /* GoogleService-Info.plist in Resources */ = {isa = PBXBuildFile; fileRef = 12143EB12B5C8B0A004A168F /* GoogleService-Info.plist */; };
		12143EB32B5C8B0A004A168F /* GoogleService-Info.plist in Resources */ = {isa = PBXBuildFile; fileRef = 12143EB12B5C8B0A004A168F /* GoogleService-Info.plist */; };
		12143EB42B5C8B0A004A168F /* GoogleService-Info.plist in Resources */ = {isa = PBXBuildFile; fileRef = 12143EB12B5C8B0A004A168F /* GoogleService-Info.plist */; };
		12143EB52B5C8B0A004A168F /* GoogleService-Info.plist in Resources */ = {isa = PBXBuildFile; fileRef = 12143EB12B5C8B0A004A168F /* GoogleService-Info.plist */; };
		12143EB62B5C8B0A004A168F /* GoogleService-Info.plist in Resources */ = {isa = PBXBuildFile; fileRef = 12143EB12B5C8B0A004A168F /* GoogleService-Info.plist */; };
		12143EB72B5C8B0A004A168F /* GoogleService-Info.plist in Resources */ = {isa = PBXBuildFile; fileRef = 12143EB12B5C8B0A004A168F /* GoogleService-Info.plist */; };
		12143EBA2B5C8B41004A168F /* FirebaseAnalytics in Frameworks */ = {isa = PBXBuildFile; productRef = 12143EB92B5C8B41004A168F /* FirebaseAnalytics */; };
		12143EBC2B5C8B41004A168F /* FirebaseAnalyticsSwift in Frameworks */ = {isa = PBXBuildFile; productRef = 12143EBB2B5C8B41004A168F /* FirebaseAnalyticsSwift */; };
		12143EBF2B5C8B52004A168F /* Alamofire in Frameworks */ = {isa = PBXBuildFile; productRef = 12143EBE2B5C8B52004A168F /* Alamofire */; };
		12143EC22B5C8B68004A168F /* FirebaseDatabase in Frameworks */ = {isa = PBXBuildFile; productRef = 12143EC12B5C8B68004A168F /* FirebaseDatabase */; };
		12143EC42B5C8B70004A168F /* FirebaseAuth in Frameworks */ = {isa = PBXBuildFile; productRef = 12143EC32B5C8B70004A168F /* FirebaseAuth */; };
		124746D92B6EF1DD002E1AC9 /* UserContact.swift in Sources */ = {isa = PBXBuildFile; fileRef = 124746D82B6EF1DD002E1AC9 /* UserContact.swift */; };
		124746DB2B6F0033002E1AC9 /* FirebaseStorage in Frameworks */ = {isa = PBXBuildFile; productRef = 124746DA2B6F0033002E1AC9 /* FirebaseStorage */; };
		125506B72B5CB61F007F0323 /* ContactsManager.swift in Sources */ = {isa = PBXBuildFile; fileRef = 125506AD2B5CB61F007F0323 /* ContactsManager.swift */; };
		125506B82B5CB61F007F0323 /* Contact.swift in Sources */ = {isa = PBXBuildFile; fileRef = 125506AE2B5CB61F007F0323 /* Contact.swift */; };
		125506B92B5CB61F007F0323 /* ContactListView.swift in Sources */ = {isa = PBXBuildFile; fileRef = 125506B02B5CB61F007F0323 /* ContactListView.swift */; };
		125506BA2B5CB61F007F0323 /* Styles.swift in Sources */ = {isa = PBXBuildFile; fileRef = 125506B12B5CB61F007F0323 /* Styles.swift */; };
		125506BB2B5CB61F007F0323 /* ContactRow.swift in Sources */ = {isa = PBXBuildFile; fileRef = 125506B22B5CB61F007F0323 /* ContactRow.swift */; };
		125506BC2B5CB61F007F0323 /* AddContactView.swift in Sources */ = {isa = PBXBuildFile; fileRef = 125506B32B5CB61F007F0323 /* AddContactView.swift */; };
		125506BD2B5CB61F007F0323 /* ContactPickerButton.swift in Sources */ = {isa = PBXBuildFile; fileRef = 125506B42B5CB61F007F0323 /* ContactPickerButton.swift */; };
		125506BE2B5CB61F007F0323 /* ImagePicker.swift in Sources */ = {isa = PBXBuildFile; fileRef = 125506B52B5CB61F007F0323 /* ImagePicker.swift */; };
		125506BF2B5CB61F007F0323 /* ContactDetailView.swift in Sources */ = {isa = PBXBuildFile; fileRef = 125506B62B5CB61F007F0323 /* ContactDetailView.swift */; };
		125506C32B5CC1B3007F0323 /* LocationRequestView.swift in Sources */ = {isa = PBXBuildFile; fileRef = 125506C22B5CC1B3007F0323 /* LocationRequestView.swift */; };
		125506C52B5CC1BA007F0323 /* LocationDetailsView.swift in Sources */ = {isa = PBXBuildFile; fileRef = 125506C42B5CC1BA007F0323 /* LocationDetailsView.swift */; };
		125506C72B5CC1C1007F0323 /* LocationManager.swift in Sources */ = {isa = PBXBuildFile; fileRef = 125506C62B5CC1C1007F0323 /* LocationManager.swift */; };
		1278BA6A2B5CC3360053DF42 /* LocationView.swift in Sources */ = {isa = PBXBuildFile; fileRef = 1278BA692B5CC3360053DF42 /* LocationView.swift */; };
		1278BA6C2B5CC6D80053DF42 /* DeviceLocationService.swift in Sources */ = {isa = PBXBuildFile; fileRef = 1278BA6B2B5CC6D80053DF42 /* DeviceLocationService.swift */; };
		127DBA292B1D572B0031F9F7 /* EnableDataCollection.swift in Sources */ = {isa = PBXBuildFile; fileRef = 127DBA282B1D572B0031F9F7 /* EnableDataCollection.swift */; };
		127DBA2A2B1D572B0031F9F7 /* EnableDataCollection.swift in Sources */ = {isa = PBXBuildFile; fileRef = 127DBA282B1D572B0031F9F7 /* EnableDataCollection.swift */; };
		127DBA302B1D58040031F9F7 /* SessionDelegator.swift in Sources */ = {isa = PBXBuildFile; fileRef = 127DBA2F2B1D58040031F9F7 /* SessionDelegator.swift */; };
		127DBA312B1D58040031F9F7 /* SessionDelegator.swift in Sources */ = {isa = PBXBuildFile; fileRef = 127DBA2F2B1D58040031F9F7 /* SessionDelegator.swift */; };
		77E2D165A485EC884FF432AE /* Pods_AWARE.framework in Frameworks */ = {isa = PBXBuildFile; fileRef = 3853FF23E43F9FE360A1D858 /* Pods_AWARE.framework */; };
		AD5ECFF3F4D796166139E335 /* libPods-AWARE Watch AppUITests.a in Frameworks */ = {isa = PBXBuildFile; fileRef = 93AB1DCD0244C096E6BCBF14 /* libPods-AWARE Watch AppUITests.a */; };
		CC94828A2AF870DF00A3A64E /* AWAREApp.swift in Sources */ = {isa = PBXBuildFile; fileRef = CC9482892AF870DF00A3A64E /* AWAREApp.swift */; };
		CC94828C2AF870DF00A3A64E /* ContentView.swift in Sources */ = {isa = PBXBuildFile; fileRef = CC94828B2AF870DF00A3A64E /* ContentView.swift */; };
		CC94828E2AF870E100A3A64E /* Assets.xcassets in Resources */ = {isa = PBXBuildFile; fileRef = CC94828D2AF870E100A3A64E /* Assets.xcassets */; };
		CC9482912AF870E100A3A64E /* Preview Assets.xcassets in Resources */ = {isa = PBXBuildFile; fileRef = CC9482902AF870E100A3A64E /* Preview Assets.xcassets */; };
		CC94829B2AF870E100A3A64E /* AWARETests.swift in Sources */ = {isa = PBXBuildFile; fileRef = CC94829A2AF870E100A3A64E /* AWARETests.swift */; };
		CC9482A52AF870E100A3A64E /* AWAREUITests.swift in Sources */ = {isa = PBXBuildFile; fileRef = CC9482A42AF870E100A3A64E /* AWAREUITests.swift */; };
		CC9482A72AF870E100A3A64E /* AWAREUITestsLaunchTests.swift in Sources */ = {isa = PBXBuildFile; fileRef = CC9482A62AF870E100A3A64E /* AWAREUITestsLaunchTests.swift */; };
		CC9482AD2AF870E100A3A64E /* AWARE Watch App.app in Embed Watch Content */ = {isa = PBXBuildFile; fileRef = CC9482AC2AF870E100A3A64E /* AWARE Watch App.app */; settings = {ATTRIBUTES = (RemoveHeadersOnCopy, ); }; };
		CC9482B22AF870E100A3A64E /* AWAREApp.swift in Sources */ = {isa = PBXBuildFile; fileRef = CC9482B12AF870E100A3A64E /* AWAREApp.swift */; };
		CC9482B42AF870E100A3A64E /* ContentView.swift in Sources */ = {isa = PBXBuildFile; fileRef = CC9482B32AF870E100A3A64E /* ContentView.swift */; };
		CC9482B62AF870E200A3A64E /* Assets.xcassets in Resources */ = {isa = PBXBuildFile; fileRef = CC9482B52AF870E200A3A64E /* Assets.xcassets */; };
		CC9482B92AF870E200A3A64E /* Preview Assets.xcassets in Resources */ = {isa = PBXBuildFile; fileRef = CC9482B82AF870E200A3A64E /* Preview Assets.xcassets */; };
		CC9482C32AF870E300A3A64E /* AWARE_Watch_AppTests.swift in Sources */ = {isa = PBXBuildFile; fileRef = CC9482C22AF870E300A3A64E /* AWARE_Watch_AppTests.swift */; };
		CC9482CD2AF870E300A3A64E /* AWARE_Watch_AppUITests.swift in Sources */ = {isa = PBXBuildFile; fileRef = CC9482CC2AF870E300A3A64E /* AWARE_Watch_AppUITests.swift */; };
		CC9482CF2AF870E300A3A64E /* AWARE_Watch_AppUITestsLaunchTests.swift in Sources */ = {isa = PBXBuildFile; fileRef = CC9482CE2AF870E300A3A64E /* AWARE_Watch_AppUITestsLaunchTests.swift */; };
		F809440712D5552AD1CBC86E /* libPods-AWARE Watch AppTests.a in Frameworks */ = {isa = PBXBuildFile; fileRef = A229487241DA802E293FF595 /* libPods-AWARE Watch AppTests.a */; };
		FAF1F4F66BD82F33710C5059 /* libPods-AWARETests.a in Frameworks */ = {isa = PBXBuildFile; fileRef = B5D98461CACC3AD1EA9CF8B9 /* libPods-AWARETests.a */; };
/* End PBXBuildFile section */

/* Begin PBXContainerItemProxy section */
		12006B032B73786200348DE3 /* PBXContainerItemProxy */ = {
			isa = PBXContainerItemProxy;
			containerPortal = CC94827E2AF870DF00A3A64E /* Project object */;
			proxyType = 1;
			remoteGlobalIDString = CC9482AB2AF870E100A3A64E;
			remoteInfo = "AWARE Watch App";
		};
		CC9482972AF870E100A3A64E /* PBXContainerItemProxy */ = {
			isa = PBXContainerItemProxy;
			containerPortal = CC94827E2AF870DF00A3A64E /* Project object */;
			proxyType = 1;
			remoteGlobalIDString = CC9482852AF870DF00A3A64E;
			remoteInfo = AWARE;
		};
		CC9482A12AF870E100A3A64E /* PBXContainerItemProxy */ = {
			isa = PBXContainerItemProxy;
			containerPortal = CC94827E2AF870DF00A3A64E /* Project object */;
			proxyType = 1;
			remoteGlobalIDString = CC9482852AF870DF00A3A64E;
			remoteInfo = AWARE;
		};
		CC9482BF2AF870E300A3A64E /* PBXContainerItemProxy */ = {
			isa = PBXContainerItemProxy;
			containerPortal = CC94827E2AF870DF00A3A64E /* Project object */;
			proxyType = 1;
			remoteGlobalIDString = CC9482AB2AF870E100A3A64E;
			remoteInfo = "AWARE Watch App";
		};
		CC9482C92AF870E300A3A64E /* PBXContainerItemProxy */ = {
			isa = PBXContainerItemProxy;
			containerPortal = CC94827E2AF870DF00A3A64E /* Project object */;
			proxyType = 1;
			remoteGlobalIDString = CC9482AB2AF870E100A3A64E;
			remoteInfo = "AWARE Watch App";
		};
/* End PBXContainerItemProxy section */

/* Begin PBXCopyFilesBuildPhase section */
		CC9482D52AF870E300A3A64E /* Embed Watch Content */ = {
			isa = PBXCopyFilesBuildPhase;
			buildActionMask = 2147483647;
			dstPath = "$(CONTENTS_FOLDER_PATH)/Watch";
			dstSubfolderSpec = 16;
			files = (
				CC9482AD2AF870E100A3A64E /* AWARE Watch App.app in Embed Watch Content */,
			);
			name = "Embed Watch Content";
			runOnlyForDeploymentPostprocessing = 0;
		};
/* End PBXCopyFilesBuildPhase section */

/* Begin PBXFileReference section */
		12143EA22B5C8ADE004A168F /* AuthViewModel.swift */ = {isa = PBXFileReference; fileEncoding = 4; lastKnownFileType = sourcecode.swift; path = AuthViewModel.swift; sourceTree = "<group>"; };
		12143EA42B5C8ADE004A168F /* RegistrationView.swift */ = {isa = PBXFileReference; fileEncoding = 4; lastKnownFileType = sourcecode.swift; path = RegistrationView.swift; sourceTree = "<group>"; };
		12143EA52B5C8ADE004A168F /* LoginView.swift */ = {isa = PBXFileReference; fileEncoding = 4; lastKnownFileType = sourcecode.swift; path = LoginView.swift; sourceTree = "<group>"; };
		12143EAA2B5C8AE9004A168F /* InputView.swift */ = {isa = PBXFileReference; fileEncoding = 4; lastKnownFileType = sourcecode.swift; path = InputView.swift; sourceTree = "<group>"; };
		12143EAD2B5C8AF1004A168F /* User.swift */ = {isa = PBXFileReference; fileEncoding = 4; lastKnownFileType = sourcecode.swift; path = User.swift; sourceTree = "<group>"; };
		12143EAF2B5C8AF7004A168F /* TwilioSMSManager.swift */ = {isa = PBXFileReference; fileEncoding = 4; lastKnownFileType = sourcecode.swift; path = TwilioSMSManager.swift; sourceTree = "<group>"; };
		12143EB12B5C8B0A004A168F /* GoogleService-Info.plist */ = {isa = PBXFileReference; fileEncoding = 4; lastKnownFileType = text.plist.xml; path = "GoogleService-Info.plist"; sourceTree = "<group>"; };
		124746D82B6EF1DD002E1AC9 /* UserContact.swift */ = {isa = PBXFileReference; lastKnownFileType = sourcecode.swift; path = UserContact.swift; sourceTree = "<group>"; };
		125506AD2B5CB61F007F0323 /* ContactsManager.swift */ = {isa = PBXFileReference; fileEncoding = 4; lastKnownFileType = sourcecode.swift; path = ContactsManager.swift; sourceTree = "<group>"; };
		125506AE2B5CB61F007F0323 /* Contact.swift */ = {isa = PBXFileReference; fileEncoding = 4; lastKnownFileType = sourcecode.swift; path = Contact.swift; sourceTree = "<group>"; };
		125506B02B5CB61F007F0323 /* ContactListView.swift */ = {isa = PBXFileReference; fileEncoding = 4; lastKnownFileType = sourcecode.swift; path = ContactListView.swift; sourceTree = "<group>"; };
		125506B12B5CB61F007F0323 /* Styles.swift */ = {isa = PBXFileReference; fileEncoding = 4; lastKnownFileType = sourcecode.swift; path = Styles.swift; sourceTree = "<group>"; };
		125506B22B5CB61F007F0323 /* ContactRow.swift */ = {isa = PBXFileReference; fileEncoding = 4; lastKnownFileType = sourcecode.swift; path = ContactRow.swift; sourceTree = "<group>"; };
		125506B32B5CB61F007F0323 /* AddContactView.swift */ = {isa = PBXFileReference; fileEncoding = 4; lastKnownFileType = sourcecode.swift; path = AddContactView.swift; sourceTree = "<group>"; };
		125506B42B5CB61F007F0323 /* ContactPickerButton.swift */ = {isa = PBXFileReference; fileEncoding = 4; lastKnownFileType = sourcecode.swift; path = ContactPickerButton.swift; sourceTree = "<group>"; };
		125506B52B5CB61F007F0323 /* ImagePicker.swift */ = {isa = PBXFileReference; fileEncoding = 4; lastKnownFileType = sourcecode.swift; path = ImagePicker.swift; sourceTree = "<group>"; };
		125506B62B5CB61F007F0323 /* ContactDetailView.swift */ = {isa = PBXFileReference; fileEncoding = 4; lastKnownFileType = sourcecode.swift; path = ContactDetailView.swift; sourceTree = "<group>"; };
		125506C22B5CC1B3007F0323 /* LocationRequestView.swift */ = {isa = PBXFileReference; fileEncoding = 4; lastKnownFileType = sourcecode.swift; name = LocationRequestView.swift; path = AWARE/LocationRequestView.swift; sourceTree = SOURCE_ROOT; };
		125506C42B5CC1BA007F0323 /* LocationDetailsView.swift */ = {isa = PBXFileReference; fileEncoding = 4; lastKnownFileType = sourcecode.swift; name = LocationDetailsView.swift; path = AWARE/LocationDetailsView.swift; sourceTree = SOURCE_ROOT; };
		125506C62B5CC1C1007F0323 /* LocationManager.swift */ = {isa = PBXFileReference; fileEncoding = 4; lastKnownFileType = sourcecode.swift; name = LocationManager.swift; path = AWARE/LocationManager.swift; sourceTree = SOURCE_ROOT; };
		1278BA692B5CC3360053DF42 /* LocationView.swift */ = {isa = PBXFileReference; lastKnownFileType = sourcecode.swift; path = LocationView.swift; sourceTree = "<group>"; };
		1278BA6B2B5CC6D80053DF42 /* DeviceLocationService.swift */ = {isa = PBXFileReference; fileEncoding = 4; lastKnownFileType = sourcecode.swift; path = DeviceLocationService.swift; sourceTree = "<group>"; };
		1278BA6D2B5CCCFD0053DF42 /* Info.plist */ = {isa = PBXFileReference; lastKnownFileType = text.plist; path = Info.plist; sourceTree = "<group>"; };
		1278BA6E2B5CCD2A0053DF42 /* Info.plist */ = {isa = PBXFileReference; lastKnownFileType = text.plist; path = Info.plist; sourceTree = "<group>"; };
		127DBA282B1D572B0031F9F7 /* EnableDataCollection.swift */ = {isa = PBXFileReference; lastKnownFileType = sourcecode.swift; path = EnableDataCollection.swift; sourceTree = "<group>"; };
		127DBA2F2B1D58040031F9F7 /* SessionDelegator.swift */ = {isa = PBXFileReference; lastKnownFileType = sourcecode.swift; path = SessionDelegator.swift; sourceTree = "<group>"; };
		3853FF23E43F9FE360A1D858 /* Pods_AWARE.framework */ = {isa = PBXFileReference; explicitFileType = wrapper.framework; includeInIndex = 0; path = Pods_AWARE.framework; sourceTree = BUILT_PRODUCTS_DIR; };
		3D561D5D149A38A31A02F63C /* Pods-AWARE.debug.xcconfig */ = {isa = PBXFileReference; includeInIndex = 1; lastKnownFileType = text.xcconfig; name = "Pods-AWARE.debug.xcconfig"; path = "Target Support Files/Pods-AWARE/Pods-AWARE.debug.xcconfig"; sourceTree = "<group>"; };
		405C03793B373ABC3F7F9CB8 /* Pods-AWARETests.release.xcconfig */ = {isa = PBXFileReference; includeInIndex = 1; lastKnownFileType = text.xcconfig; name = "Pods-AWARETests.release.xcconfig"; path = "Target Support Files/Pods-AWARETests/Pods-AWARETests.release.xcconfig"; sourceTree = "<group>"; };
		406187498D125379879CB313 /* Pods-AWARE Watch AppUITests.debug.xcconfig */ = {isa = PBXFileReference; includeInIndex = 1; lastKnownFileType = text.xcconfig; name = "Pods-AWARE Watch AppUITests.debug.xcconfig"; path = "Target Support Files/Pods-AWARE Watch AppUITests/Pods-AWARE Watch AppUITests.debug.xcconfig"; sourceTree = "<group>"; };
		49D48D2DEEE2EA7196441BDF /* Pods-AWARE.release.xcconfig */ = {isa = PBXFileReference; includeInIndex = 1; lastKnownFileType = text.xcconfig; name = "Pods-AWARE.release.xcconfig"; path = "Target Support Files/Pods-AWARE/Pods-AWARE.release.xcconfig"; sourceTree = "<group>"; };
		5655CFE3C3F087D173B7F6F0 /* Pods-AWARE Watch AppTests.release.xcconfig */ = {isa = PBXFileReference; includeInIndex = 1; lastKnownFileType = text.xcconfig; name = "Pods-AWARE Watch AppTests.release.xcconfig"; path = "Target Support Files/Pods-AWARE Watch AppTests/Pods-AWARE Watch AppTests.release.xcconfig"; sourceTree = "<group>"; };
		56EB7BDB2B02ECEE000402B3 /* AWARE Watch App.entitlements */ = {isa = PBXFileReference; lastKnownFileType = text.plist.entitlements; path = "AWARE Watch App.entitlements"; sourceTree = "<group>"; };
		825C0DD259AE3933A18F8425 /* Pods-AWARETests.debug.xcconfig */ = {isa = PBXFileReference; includeInIndex = 1; lastKnownFileType = text.xcconfig; name = "Pods-AWARETests.debug.xcconfig"; path = "Target Support Files/Pods-AWARETests/Pods-AWARETests.debug.xcconfig"; sourceTree = "<group>"; };
		93AB1DCD0244C096E6BCBF14 /* libPods-AWARE Watch AppUITests.a */ = {isa = PBXFileReference; explicitFileType = archive.ar; includeInIndex = 0; path = "libPods-AWARE Watch AppUITests.a"; sourceTree = BUILT_PRODUCTS_DIR; };
		A229487241DA802E293FF595 /* libPods-AWARE Watch AppTests.a */ = {isa = PBXFileReference; explicitFileType = archive.ar; includeInIndex = 0; path = "libPods-AWARE Watch AppTests.a"; sourceTree = BUILT_PRODUCTS_DIR; };
		B5D98461CACC3AD1EA9CF8B9 /* libPods-AWARETests.a */ = {isa = PBXFileReference; explicitFileType = archive.ar; includeInIndex = 0; path = "libPods-AWARETests.a"; sourceTree = BUILT_PRODUCTS_DIR; };
		CC9482862AF870DF00A3A64E /* AWARE.app */ = {isa = PBXFileReference; explicitFileType = wrapper.application; includeInIndex = 0; path = AWARE.app; sourceTree = BUILT_PRODUCTS_DIR; };
		CC9482892AF870DF00A3A64E /* AWAREApp.swift */ = {isa = PBXFileReference; lastKnownFileType = sourcecode.swift; path = AWAREApp.swift; sourceTree = "<group>"; };
		CC94828B2AF870DF00A3A64E /* ContentView.swift */ = {isa = PBXFileReference; lastKnownFileType = sourcecode.swift; path = ContentView.swift; sourceTree = "<group>"; };
		CC94828D2AF870E100A3A64E /* Assets.xcassets */ = {isa = PBXFileReference; lastKnownFileType = folder.assetcatalog; path = Assets.xcassets; sourceTree = "<group>"; };
		CC9482902AF870E100A3A64E /* Preview Assets.xcassets */ = {isa = PBXFileReference; lastKnownFileType = folder.assetcatalog; path = "Preview Assets.xcassets"; sourceTree = "<group>"; };
		CC9482962AF870E100A3A64E /* AWARETests.xctest */ = {isa = PBXFileReference; explicitFileType = wrapper.cfbundle; includeInIndex = 0; path = AWARETests.xctest; sourceTree = BUILT_PRODUCTS_DIR; };
		CC94829A2AF870E100A3A64E /* AWARETests.swift */ = {isa = PBXFileReference; lastKnownFileType = sourcecode.swift; path = AWARETests.swift; sourceTree = "<group>"; };
		CC9482A02AF870E100A3A64E /* AWAREUITests.xctest */ = {isa = PBXFileReference; explicitFileType = wrapper.cfbundle; includeInIndex = 0; path = AWAREUITests.xctest; sourceTree = BUILT_PRODUCTS_DIR; };
		CC9482A42AF870E100A3A64E /* AWAREUITests.swift */ = {isa = PBXFileReference; lastKnownFileType = sourcecode.swift; path = AWAREUITests.swift; sourceTree = "<group>"; };
		CC9482A62AF870E100A3A64E /* AWAREUITestsLaunchTests.swift */ = {isa = PBXFileReference; lastKnownFileType = sourcecode.swift; path = AWAREUITestsLaunchTests.swift; sourceTree = "<group>"; };
		CC9482AC2AF870E100A3A64E /* AWARE Watch App.app */ = {isa = PBXFileReference; explicitFileType = wrapper.application; includeInIndex = 0; path = "AWARE Watch App.app"; sourceTree = BUILT_PRODUCTS_DIR; };
		CC9482B12AF870E100A3A64E /* AWAREApp.swift */ = {isa = PBXFileReference; lastKnownFileType = sourcecode.swift; path = AWAREApp.swift; sourceTree = "<group>"; };
		CC9482B32AF870E100A3A64E /* ContentView.swift */ = {isa = PBXFileReference; lastKnownFileType = sourcecode.swift; path = ContentView.swift; sourceTree = "<group>"; };
		CC9482B52AF870E200A3A64E /* Assets.xcassets */ = {isa = PBXFileReference; lastKnownFileType = folder.assetcatalog; path = Assets.xcassets; sourceTree = "<group>"; };
		CC9482B82AF870E200A3A64E /* Preview Assets.xcassets */ = {isa = PBXFileReference; lastKnownFileType = folder.assetcatalog; path = "Preview Assets.xcassets"; sourceTree = "<group>"; };
		CC9482BE2AF870E300A3A64E /* AWARE Watch AppTests.xctest */ = {isa = PBXFileReference; explicitFileType = wrapper.cfbundle; includeInIndex = 0; path = "AWARE Watch AppTests.xctest"; sourceTree = BUILT_PRODUCTS_DIR; };
		CC9482C22AF870E300A3A64E /* AWARE_Watch_AppTests.swift */ = {isa = PBXFileReference; lastKnownFileType = sourcecode.swift; path = AWARE_Watch_AppTests.swift; sourceTree = "<group>"; };
		CC9482C82AF870E300A3A64E /* AWARE Watch AppUITests.xctest */ = {isa = PBXFileReference; explicitFileType = wrapper.cfbundle; includeInIndex = 0; path = "AWARE Watch AppUITests.xctest"; sourceTree = BUILT_PRODUCTS_DIR; };
		CC9482CC2AF870E300A3A64E /* AWARE_Watch_AppUITests.swift */ = {isa = PBXFileReference; lastKnownFileType = sourcecode.swift; path = AWARE_Watch_AppUITests.swift; sourceTree = "<group>"; };
		CC9482CE2AF870E300A3A64E /* AWARE_Watch_AppUITestsLaunchTests.swift */ = {isa = PBXFileReference; lastKnownFileType = sourcecode.swift; path = AWARE_Watch_AppUITestsLaunchTests.swift; sourceTree = "<group>"; };
		EB0008F7A11C779E46FB4E69 /* Pods-AWARE Watch AppTests.debug.xcconfig */ = {isa = PBXFileReference; includeInIndex = 1; lastKnownFileType = text.xcconfig; name = "Pods-AWARE Watch AppTests.debug.xcconfig"; path = "Target Support Files/Pods-AWARE Watch AppTests/Pods-AWARE Watch AppTests.debug.xcconfig"; sourceTree = "<group>"; };
		F8DF0414AC456B27C7FA0F2B /* Pods-AWARE Watch AppUITests.release.xcconfig */ = {isa = PBXFileReference; includeInIndex = 1; lastKnownFileType = text.xcconfig; name = "Pods-AWARE Watch AppUITests.release.xcconfig"; path = "Target Support Files/Pods-AWARE Watch AppUITests/Pods-AWARE Watch AppUITests.release.xcconfig"; sourceTree = "<group>"; };
		FF01F38D2B06FB9A0057AFD6 /* AWARE.entitlements */ = {isa = PBXFileReference; lastKnownFileType = text.plist.entitlements; path = AWARE.entitlements; sourceTree = "<group>"; };
/* End PBXFileReference section */

/* Begin PBXFrameworksBuildPhase section */
		CC9482832AF870DF00A3A64E /* Frameworks */ = {
			isa = PBXFrameworksBuildPhase;
			buildActionMask = 2147483647;
			files = (
				12143EBF2B5C8B52004A168F /* Alamofire in Frameworks */,
				12143EC42B5C8B70004A168F /* FirebaseAuth in Frameworks */,
				12143EBC2B5C8B41004A168F /* FirebaseAnalyticsSwift in Frameworks */,
				12143EC22B5C8B68004A168F /* FirebaseDatabase in Frameworks */,
				12143EBA2B5C8B41004A168F /* FirebaseAnalytics in Frameworks */,
				77E2D165A485EC884FF432AE /* Pods_AWARE.framework in Frameworks */,
				124746DB2B6F0033002E1AC9 /* FirebaseStorage in Frameworks */,
			);
			runOnlyForDeploymentPostprocessing = 0;
		};
		CC9482932AF870E100A3A64E /* Frameworks */ = {
			isa = PBXFrameworksBuildPhase;
			buildActionMask = 2147483647;
			files = (
				FAF1F4F66BD82F33710C5059 /* libPods-AWARETests.a in Frameworks */,
			);
			runOnlyForDeploymentPostprocessing = 0;
		};
		CC94829D2AF870E100A3A64E /* Frameworks */ = {
			isa = PBXFrameworksBuildPhase;
			buildActionMask = 2147483647;
			files = (
			);
			runOnlyForDeploymentPostprocessing = 0;
		};
		CC9482A92AF870E100A3A64E /* Frameworks */ = {
			isa = PBXFrameworksBuildPhase;
			buildActionMask = 2147483647;
			files = (
			);
			runOnlyForDeploymentPostprocessing = 0;
		};
		CC9482BB2AF870E300A3A64E /* Frameworks */ = {
			isa = PBXFrameworksBuildPhase;
			buildActionMask = 2147483647;
			files = (
				F809440712D5552AD1CBC86E /* libPods-AWARE Watch AppTests.a in Frameworks */,
			);
			runOnlyForDeploymentPostprocessing = 0;
		};
		CC9482C52AF870E300A3A64E /* Frameworks */ = {
			isa = PBXFrameworksBuildPhase;
			buildActionMask = 2147483647;
			files = (
				AD5ECFF3F4D796166139E335 /* libPods-AWARE Watch AppUITests.a in Frameworks */,
			);
			runOnlyForDeploymentPostprocessing = 0;
		};
/* End PBXFrameworksBuildPhase section */

/* Begin PBXGroup section */
		12143EA02B5C8ADE004A168F /* Authentication */ = {
			isa = PBXGroup;
			children = (
				12143EA12B5C8ADE004A168F /* ViewModel */,
				12143EA32B5C8ADE004A168F /* View */,
			);
			path = Authentication;
			sourceTree = "<group>";
		};
		12143EA12B5C8ADE004A168F /* ViewModel */ = {
			isa = PBXGroup;
			children = (
				12143EA22B5C8ADE004A168F /* AuthViewModel.swift */,
			);
			path = ViewModel;
			sourceTree = "<group>";
		};
		12143EA32B5C8ADE004A168F /* View */ = {
			isa = PBXGroup;
			children = (
				12143EA42B5C8ADE004A168F /* RegistrationView.swift */,
				12143EA52B5C8ADE004A168F /* LoginView.swift */,
			);
			path = View;
			sourceTree = "<group>";
		};
		12143EA92B5C8AE9004A168F /* Components */ = {
			isa = PBXGroup;
			children = (
				12143EAA2B5C8AE9004A168F /* InputView.swift */,
			);
			path = Components;
			sourceTree = "<group>";
		};
		12143EAC2B5C8AF1004A168F /* Model */ = {
			isa = PBXGroup;
			children = (
				12143EAD2B5C8AF1004A168F /* User.swift */,
				124746D82B6EF1DD002E1AC9 /* UserContact.swift */,
			);
			path = Model;
			sourceTree = "<group>";
		};
		12143EC02B5C8B68004A168F /* Frameworks */ = {
			isa = PBXGroup;
			children = (
				3853FF23E43F9FE360A1D858 /* Pods_AWARE.framework */,
				A229487241DA802E293FF595 /* libPods-AWARE Watch AppTests.a */,
				93AB1DCD0244C096E6BCBF14 /* libPods-AWARE Watch AppUITests.a */,
				B5D98461CACC3AD1EA9CF8B9 /* libPods-AWARETests.a */,
			);
			name = Frameworks;
			sourceTree = "<group>";
		};
		125506AB2B5CB61F007F0323 /* ContactPage */ = {
			isa = PBXGroup;
			children = (
				125506AC2B5CB61F007F0323 /* ContactModel */,
				125506AF2B5CB61F007F0323 /* ContactViews */,
			);
			path = ContactPage;
			sourceTree = "<group>";
		};
		125506AC2B5CB61F007F0323 /* ContactModel */ = {
			isa = PBXGroup;
			children = (
				125506AD2B5CB61F007F0323 /* ContactsManager.swift */,
				125506AE2B5CB61F007F0323 /* Contact.swift */,
			);
			path = ContactModel;
			sourceTree = "<group>";
		};
		125506AF2B5CB61F007F0323 /* ContactViews */ = {
			isa = PBXGroup;
			children = (
				125506B02B5CB61F007F0323 /* ContactListView.swift */,
				125506B12B5CB61F007F0323 /* Styles.swift */,
				125506B22B5CB61F007F0323 /* ContactRow.swift */,
				125506B32B5CB61F007F0323 /* AddContactView.swift */,
				125506B42B5CB61F007F0323 /* ContactPickerButton.swift */,
				125506B52B5CB61F007F0323 /* ImagePicker.swift */,
				125506B62B5CB61F007F0323 /* ContactDetailView.swift */,
				12143EAF2B5C8AF7004A168F /* TwilioSMSManager.swift */,
			);
			path = ContactViews;
			sourceTree = "<group>";
		};
		125506C12B5CC19E007F0323 /* LocationPage */ = {
			isa = PBXGroup;
			children = (
				1278BA692B5CC3360053DF42 /* LocationView.swift */,
				125506C62B5CC1C1007F0323 /* LocationManager.swift */,
				125506C42B5CC1BA007F0323 /* LocationDetailsView.swift */,
				125506C22B5CC1B3007F0323 /* LocationRequestView.swift */,
			);
			path = LocationPage;
			sourceTree = "<group>";
		};
		127DBA272B1D571A0031F9F7 /* Shared */ = {
			isa = PBXGroup;
			children = (
				1278BA6B2B5CC6D80053DF42 /* DeviceLocationService.swift */,
				127DBA282B1D572B0031F9F7 /* EnableDataCollection.swift */,
				127DBA2F2B1D58040031F9F7 /* SessionDelegator.swift */,
			);
			path = Shared;
			sourceTree = "<group>";
		};
		A30E0BA88A455E9A1858A649 /* Pods */ = {
			isa = PBXGroup;
			children = (
				3D561D5D149A38A31A02F63C /* Pods-AWARE.debug.xcconfig */,
				49D48D2DEEE2EA7196441BDF /* Pods-AWARE.release.xcconfig */,
				EB0008F7A11C779E46FB4E69 /* Pods-AWARE Watch AppTests.debug.xcconfig */,
				5655CFE3C3F087D173B7F6F0 /* Pods-AWARE Watch AppTests.release.xcconfig */,
				406187498D125379879CB313 /* Pods-AWARE Watch AppUITests.debug.xcconfig */,
				F8DF0414AC456B27C7FA0F2B /* Pods-AWARE Watch AppUITests.release.xcconfig */,
				825C0DD259AE3933A18F8425 /* Pods-AWARETests.debug.xcconfig */,
				405C03793B373ABC3F7F9CB8 /* Pods-AWARETests.release.xcconfig */,
			);
			path = Pods;
			sourceTree = "<group>";
		};
		CC94827D2AF870DF00A3A64E = {
			isa = PBXGroup;
			children = (
				12143EB12B5C8B0A004A168F /* GoogleService-Info.plist */,
				127DBA272B1D571A0031F9F7 /* Shared */,
				CC9482882AF870DF00A3A64E /* AWARE */,
				CC9482992AF870E100A3A64E /* AWARETests */,
				CC9482A32AF870E100A3A64E /* AWAREUITests */,
				CC9482B02AF870E100A3A64E /* AWARE Watch App */,
				CC9482C12AF870E300A3A64E /* AWARE Watch AppTests */,
				CC9482CB2AF870E300A3A64E /* AWARE Watch AppUITests */,
				CC9482872AF870DF00A3A64E /* Products */,
				12143EC02B5C8B68004A168F /* Frameworks */,
				A30E0BA88A455E9A1858A649 /* Pods */,
			);
			sourceTree = "<group>";
		};
		CC9482872AF870DF00A3A64E /* Products */ = {
			isa = PBXGroup;
			children = (
				CC9482862AF870DF00A3A64E /* AWARE.app */,
				CC9482962AF870E100A3A64E /* AWARETests.xctest */,
				CC9482A02AF870E100A3A64E /* AWAREUITests.xctest */,
				CC9482AC2AF870E100A3A64E /* AWARE Watch App.app */,
				CC9482BE2AF870E300A3A64E /* AWARE Watch AppTests.xctest */,
				CC9482C82AF870E300A3A64E /* AWARE Watch AppUITests.xctest */,
			);
			name = Products;
			sourceTree = "<group>";
		};
		CC9482882AF870DF00A3A64E /* AWARE */ = {
			isa = PBXGroup;
			children = (
				1278BA6E2B5CCD2A0053DF42 /* Info.plist */,
				125506C12B5CC19E007F0323 /* LocationPage */,
				12143EA02B5C8ADE004A168F /* Authentication */,
				12143EA92B5C8AE9004A168F /* Components */,
				12143EAC2B5C8AF1004A168F /* Model */,
				125506AB2B5CB61F007F0323 /* ContactPage */,
				FF01F38D2B06FB9A0057AFD6 /* AWARE.entitlements */,
				CC9482892AF870DF00A3A64E /* AWAREApp.swift */,
				CC94828B2AF870DF00A3A64E /* ContentView.swift */,
				127DBA2B2B1D57790031F9F7 /* Shared.swift */,
				12143EAF2B5C8AF7004A168F /* TwilioSMSManager.swift */,
				CC94828D2AF870E100A3A64E /* Assets.xcassets */,
				CC94828F2AF870E100A3A64E /* Preview Content */,
			);
			path = AWARE;
			sourceTree = "<group>";
		};
		CC94828F2AF870E100A3A64E /* Preview Content */ = {
			isa = PBXGroup;
			children = (
				CC9482902AF870E100A3A64E /* Preview Assets.xcassets */,
			);
			path = "Preview Content";
			sourceTree = "<group>";
		};
		CC9482992AF870E100A3A64E /* AWARETests */ = {
			isa = PBXGroup;
			children = (
				CC94829A2AF870E100A3A64E /* AWARETests.swift */,
			);
			path = AWARETests;
			sourceTree = "<group>";
		};
		CC9482A32AF870E100A3A64E /* AWAREUITests */ = {
			isa = PBXGroup;
			children = (
				1278BA6D2B5CCCFD0053DF42 /* Info.plist */,
				CC9482A42AF870E100A3A64E /* AWAREUITests.swift */,
				CC9482A62AF870E100A3A64E /* AWAREUITestsLaunchTests.swift */,
			);
			path = AWAREUITests;
			sourceTree = "<group>";
		};
		CC9482B02AF870E100A3A64E /* AWARE Watch App */ = {
			isa = PBXGroup;
			children = (
				56EB7BDB2B02ECEE000402B3 /* AWARE Watch App.entitlements */,
				CC9482B12AF870E100A3A64E /* AWAREApp.swift */,
				CC9482B32AF870E100A3A64E /* ContentView.swift */,
				CC9482B52AF870E200A3A64E /* Assets.xcassets */,
				CC9482B72AF870E200A3A64E /* Preview Content */,
			);
			path = "AWARE Watch App";
			sourceTree = "<group>";
		};
		CC9482B72AF870E200A3A64E /* Preview Content */ = {
			isa = PBXGroup;
			children = (
				CC9482B82AF870E200A3A64E /* Preview Assets.xcassets */,
			);
			path = "Preview Content";
			sourceTree = "<group>";
		};
		CC9482C12AF870E300A3A64E /* AWARE Watch AppTests */ = {
			isa = PBXGroup;
			children = (
				CC9482C22AF870E300A3A64E /* AWARE_Watch_AppTests.swift */,
			);
			path = "AWARE Watch AppTests";
			sourceTree = "<group>";
		};
		CC9482CB2AF870E300A3A64E /* AWARE Watch AppUITests */ = {
			isa = PBXGroup;
			children = (
				CC9482CC2AF870E300A3A64E /* AWARE_Watch_AppUITests.swift */,
				CC9482CE2AF870E300A3A64E /* AWARE_Watch_AppUITestsLaunchTests.swift */,
			);
			path = "AWARE Watch AppUITests";
			sourceTree = "<group>";
		};
/* End PBXGroup section */

/* Begin PBXNativeTarget section */
		CC9482852AF870DF00A3A64E /* AWARE */ = {
			isa = PBXNativeTarget;
			buildConfigurationList = CC9482D62AF870E300A3A64E /* Build configuration list for PBXNativeTarget "AWARE" */;
			buildPhases = (
				804DBDB35F6FD0C2601F3834 /* [CP] Check Pods Manifest.lock */,
				CC9482822AF870DF00A3A64E /* Sources */,
				CC9482832AF870DF00A3A64E /* Frameworks */,
				CC9482842AF870DF00A3A64E /* Resources */,
				CC9482D52AF870E300A3A64E /* Embed Watch Content */,
				952ED251C61D1DC3FAC0F8EA /* [CP] Embed Pods Frameworks */,
			);
			buildRules = (
			);
			dependencies = (
				12006B042B73786200348DE3 /* PBXTargetDependency */,
			);
			name = AWARE;
			packageProductDependencies = (
				12143EB92B5C8B41004A168F /* FirebaseAnalytics */,
				12143EBB2B5C8B41004A168F /* FirebaseAnalyticsSwift */,
				12143EBE2B5C8B52004A168F /* Alamofire */,
				12143EC12B5C8B68004A168F /* FirebaseDatabase */,
				12143EC32B5C8B70004A168F /* FirebaseAuth */,
				124746DA2B6F0033002E1AC9 /* FirebaseStorage */,
			);
			productName = AWARE;
			productReference = CC9482862AF870DF00A3A64E /* AWARE.app */;
			productType = "com.apple.product-type.application";
		};
		CC9482952AF870E100A3A64E /* AWARETests */ = {
			isa = PBXNativeTarget;
			buildConfigurationList = CC9482D92AF870E300A3A64E /* Build configuration list for PBXNativeTarget "AWARETests" */;
			buildPhases = (
				4693F879A98FE8EB627A6A17 /* [CP] Check Pods Manifest.lock */,
				CC9482922AF870E100A3A64E /* Sources */,
				CC9482932AF870E100A3A64E /* Frameworks */,
				CC9482942AF870E100A3A64E /* Resources */,
			);
			buildRules = (
			);
			dependencies = (
				CC9482982AF870E100A3A64E /* PBXTargetDependency */,
			);
			name = AWARETests;
			productName = AWARETests;
			productReference = CC9482962AF870E100A3A64E /* AWARETests.xctest */;
			productType = "com.apple.product-type.bundle.unit-test";
		};
		CC94829F2AF870E100A3A64E /* AWAREUITests */ = {
			isa = PBXNativeTarget;
			buildConfigurationList = CC9482DC2AF870E300A3A64E /* Build configuration list for PBXNativeTarget "AWAREUITests" */;
			buildPhases = (
				CC94829C2AF870E100A3A64E /* Sources */,
				CC94829D2AF870E100A3A64E /* Frameworks */,
				CC94829E2AF870E100A3A64E /* Resources */,
			);
			buildRules = (
			);
			dependencies = (
				CC9482A22AF870E100A3A64E /* PBXTargetDependency */,
			);
			name = AWAREUITests;
			productName = AWAREUITests;
			productReference = CC9482A02AF870E100A3A64E /* AWAREUITests.xctest */;
			productType = "com.apple.product-type.bundle.ui-testing";
		};
		CC9482AB2AF870E100A3A64E /* AWARE Watch App */ = {
			isa = PBXNativeTarget;
			buildConfigurationList = CC9482D22AF870E300A3A64E /* Build configuration list for PBXNativeTarget "AWARE Watch App" */;
			buildPhases = (
				CC9482A82AF870E100A3A64E /* Sources */,
				CC9482A92AF870E100A3A64E /* Frameworks */,
				CC9482AA2AF870E100A3A64E /* Resources */,
			);
			buildRules = (
			);
			dependencies = (
			);
			name = "AWARE Watch App";
			productName = "AWARE Watch App";
			productReference = CC9482AC2AF870E100A3A64E /* AWARE Watch App.app */;
			productType = "com.apple.product-type.application";
		};
		CC9482BD2AF870E300A3A64E /* AWARE Watch AppTests */ = {
			isa = PBXNativeTarget;
			buildConfigurationList = CC9482DF2AF870E300A3A64E /* Build configuration list for PBXNativeTarget "AWARE Watch AppTests" */;
			buildPhases = (
				59A4FE899A42977BB938E768 /* [CP] Check Pods Manifest.lock */,
				CC9482BA2AF870E300A3A64E /* Sources */,
				CC9482BB2AF870E300A3A64E /* Frameworks */,
				CC9482BC2AF870E300A3A64E /* Resources */,
			);
			buildRules = (
			);
			dependencies = (
				CC9482C02AF870E300A3A64E /* PBXTargetDependency */,
			);
			name = "AWARE Watch AppTests";
			productName = "AWARE Watch AppTests";
			productReference = CC9482BE2AF870E300A3A64E /* AWARE Watch AppTests.xctest */;
			productType = "com.apple.product-type.bundle.unit-test";
		};
		CC9482C72AF870E300A3A64E /* AWARE Watch AppUITests */ = {
			isa = PBXNativeTarget;
			buildConfigurationList = CC9482E22AF870E300A3A64E /* Build configuration list for PBXNativeTarget "AWARE Watch AppUITests" */;
			buildPhases = (
				13E6BD4254043165EDB0E441 /* [CP] Check Pods Manifest.lock */,
				CC9482C42AF870E300A3A64E /* Sources */,
				CC9482C52AF870E300A3A64E /* Frameworks */,
				CC9482C62AF870E300A3A64E /* Resources */,
			);
			buildRules = (
			);
			dependencies = (
				CC9482CA2AF870E300A3A64E /* PBXTargetDependency */,
			);
			name = "AWARE Watch AppUITests";
			productName = "AWARE Watch AppUITests";
			productReference = CC9482C82AF870E300A3A64E /* AWARE Watch AppUITests.xctest */;
			productType = "com.apple.product-type.bundle.ui-testing";
		};
/* End PBXNativeTarget section */

/* Begin PBXProject section */
		CC94827E2AF870DF00A3A64E /* Project object */ = {
			isa = PBXProject;
			attributes = {
				BuildIndependentTargetsInParallel = 1;
				LastSwiftUpdateCheck = 1500;
				LastUpgradeCheck = 1520;
				TargetAttributes = {
					CC9482852AF870DF00A3A64E = {
						CreatedOnToolsVersion = 15.0.1;
					};
					CC9482952AF870E100A3A64E = {
						CreatedOnToolsVersion = 15.0.1;
						TestTargetID = CC9482852AF870DF00A3A64E;
					};
					CC94829F2AF870E100A3A64E = {
						CreatedOnToolsVersion = 15.0.1;
						TestTargetID = CC9482852AF870DF00A3A64E;
					};
					CC9482AB2AF870E100A3A64E = {
						CreatedOnToolsVersion = 15.0.1;
					};
					CC9482BD2AF870E300A3A64E = {
						CreatedOnToolsVersion = 15.0.1;
						TestTargetID = CC9482AB2AF870E100A3A64E;
					};
					CC9482C72AF870E300A3A64E = {
						CreatedOnToolsVersion = 15.0.1;
						TestTargetID = CC9482AB2AF870E100A3A64E;
					};
				};
			};
			buildConfigurationList = CC9482812AF870DF00A3A64E /* Build configuration list for PBXProject "AWARE" */;
			compatibilityVersion = "Xcode 14.0";
			developmentRegion = en;
			hasScannedForEncodings = 0;
			knownRegions = (
				en,
				Base,
			);
			mainGroup = CC94827D2AF870DF00A3A64E;
			packageReferences = (
				12143EB82B5C8B41004A168F /* XCRemoteSwiftPackageReference "firebase-ios-sdk" */,
				12143EBD2B5C8B52004A168F /* XCRemoteSwiftPackageReference "Alamofire" */,
			);
			productRefGroup = CC9482872AF870DF00A3A64E /* Products */;
			projectDirPath = "";
			projectRoot = "";
			targets = (
				CC9482852AF870DF00A3A64E /* AWARE */,
				CC9482952AF870E100A3A64E /* AWARETests */,
				CC94829F2AF870E100A3A64E /* AWAREUITests */,
				CC9482AB2AF870E100A3A64E /* AWARE Watch App */,
				CC9482BD2AF870E300A3A64E /* AWARE Watch AppTests */,
				CC9482C72AF870E300A3A64E /* AWARE Watch AppUITests */,
			);
		};
/* End PBXProject section */

/* Begin PBXResourcesBuildPhase section */
		CC9482842AF870DF00A3A64E /* Resources */ = {
			isa = PBXResourcesBuildPhase;
			buildActionMask = 2147483647;
			files = (
				CC9482912AF870E100A3A64E /* Preview Assets.xcassets in Resources */,
				CC94828E2AF870E100A3A64E /* Assets.xcassets in Resources */,
				12143EB22B5C8B0A004A168F /* GoogleService-Info.plist in Resources */,
			);
			runOnlyForDeploymentPostprocessing = 0;
		};
		CC9482942AF870E100A3A64E /* Resources */ = {
			isa = PBXResourcesBuildPhase;
			buildActionMask = 2147483647;
			files = (
				12143EB32B5C8B0A004A168F /* GoogleService-Info.plist in Resources */,
			);
			runOnlyForDeploymentPostprocessing = 0;
		};
		CC94829E2AF870E100A3A64E /* Resources */ = {
			isa = PBXResourcesBuildPhase;
			buildActionMask = 2147483647;
			files = (
				12143EB42B5C8B0A004A168F /* GoogleService-Info.plist in Resources */,
			);
			runOnlyForDeploymentPostprocessing = 0;
		};
		CC9482AA2AF870E100A3A64E /* Resources */ = {
			isa = PBXResourcesBuildPhase;
			buildActionMask = 2147483647;
			files = (
				CC9482B92AF870E200A3A64E /* Preview Assets.xcassets in Resources */,
				CC9482B62AF870E200A3A64E /* Assets.xcassets in Resources */,
				12143EB52B5C8B0A004A168F /* GoogleService-Info.plist in Resources */,
			);
			runOnlyForDeploymentPostprocessing = 0;
		};
		CC9482BC2AF870E300A3A64E /* Resources */ = {
			isa = PBXResourcesBuildPhase;
			buildActionMask = 2147483647;
			files = (
				12143EB62B5C8B0A004A168F /* GoogleService-Info.plist in Resources */,
			);
			runOnlyForDeploymentPostprocessing = 0;
		};
		CC9482C62AF870E300A3A64E /* Resources */ = {
			isa = PBXResourcesBuildPhase;
			buildActionMask = 2147483647;
			files = (
				12143EB72B5C8B0A004A168F /* GoogleService-Info.plist in Resources */,
			);
			runOnlyForDeploymentPostprocessing = 0;
		};
/* End PBXResourcesBuildPhase section */

/* Begin PBXShellScriptBuildPhase section */
		13E6BD4254043165EDB0E441 /* [CP] Check Pods Manifest.lock */ = {
			isa = PBXShellScriptBuildPhase;
			buildActionMask = 2147483647;
			files = (
			);
			inputFileListPaths = (
			);
			inputPaths = (
				"${PODS_PODFILE_DIR_PATH}/Podfile.lock",
				"${PODS_ROOT}/Manifest.lock",
			);
			name = "[CP] Check Pods Manifest.lock";
			outputFileListPaths = (
			);
			outputPaths = (
				"$(DERIVED_FILE_DIR)/Pods-AWARE Watch AppUITests-checkManifestLockResult.txt",
			);
			runOnlyForDeploymentPostprocessing = 0;
			shellPath = /bin/sh;
			shellScript = "diff \"${PODS_PODFILE_DIR_PATH}/Podfile.lock\" \"${PODS_ROOT}/Manifest.lock\" > /dev/null\nif [ $? != 0 ] ; then\n    # print error to STDERR\n    echo \"error: The sandbox is not in sync with the Podfile.lock. Run 'pod install' or update your CocoaPods installation.\" >&2\n    exit 1\nfi\n# This output is used by Xcode 'outputs' to avoid re-running this script phase.\necho \"SUCCESS\" > \"${SCRIPT_OUTPUT_FILE_0}\"\n";
			showEnvVarsInLog = 0;
		};
		4693F879A98FE8EB627A6A17 /* [CP] Check Pods Manifest.lock */ = {
			isa = PBXShellScriptBuildPhase;
			buildActionMask = 2147483647;
			files = (
			);
			inputFileListPaths = (
			);
			inputPaths = (
				"${PODS_PODFILE_DIR_PATH}/Podfile.lock",
				"${PODS_ROOT}/Manifest.lock",
			);
			name = "[CP] Check Pods Manifest.lock";
			outputFileListPaths = (
			);
			outputPaths = (
				"$(DERIVED_FILE_DIR)/Pods-AWARETests-checkManifestLockResult.txt",
			);
			runOnlyForDeploymentPostprocessing = 0;
			shellPath = /bin/sh;
			shellScript = "diff \"${PODS_PODFILE_DIR_PATH}/Podfile.lock\" \"${PODS_ROOT}/Manifest.lock\" > /dev/null\nif [ $? != 0 ] ; then\n    # print error to STDERR\n    echo \"error: The sandbox is not in sync with the Podfile.lock. Run 'pod install' or update your CocoaPods installation.\" >&2\n    exit 1\nfi\n# This output is used by Xcode 'outputs' to avoid re-running this script phase.\necho \"SUCCESS\" > \"${SCRIPT_OUTPUT_FILE_0}\"\n";
			showEnvVarsInLog = 0;
		};
		59A4FE899A42977BB938E768 /* [CP] Check Pods Manifest.lock */ = {
			isa = PBXShellScriptBuildPhase;
			buildActionMask = 2147483647;
			files = (
			);
			inputFileListPaths = (
			);
			inputPaths = (
				"${PODS_PODFILE_DIR_PATH}/Podfile.lock",
				"${PODS_ROOT}/Manifest.lock",
			);
			name = "[CP] Check Pods Manifest.lock";
			outputFileListPaths = (
			);
			outputPaths = (
				"$(DERIVED_FILE_DIR)/Pods-AWARE Watch AppTests-checkManifestLockResult.txt",
			);
			runOnlyForDeploymentPostprocessing = 0;
			shellPath = /bin/sh;
			shellScript = "diff \"${PODS_PODFILE_DIR_PATH}/Podfile.lock\" \"${PODS_ROOT}/Manifest.lock\" > /dev/null\nif [ $? != 0 ] ; then\n    # print error to STDERR\n    echo \"error: The sandbox is not in sync with the Podfile.lock. Run 'pod install' or update your CocoaPods installation.\" >&2\n    exit 1\nfi\n# This output is used by Xcode 'outputs' to avoid re-running this script phase.\necho \"SUCCESS\" > \"${SCRIPT_OUTPUT_FILE_0}\"\n";
			showEnvVarsInLog = 0;
		};
		804DBDB35F6FD0C2601F3834 /* [CP] Check Pods Manifest.lock */ = {
			isa = PBXShellScriptBuildPhase;
			buildActionMask = 2147483647;
			files = (
			);
			inputFileListPaths = (
			);
			inputPaths = (
				"${PODS_PODFILE_DIR_PATH}/Podfile.lock",
				"${PODS_ROOT}/Manifest.lock",
			);
			name = "[CP] Check Pods Manifest.lock";
			outputFileListPaths = (
			);
			outputPaths = (
				"$(DERIVED_FILE_DIR)/Pods-AWARE-checkManifestLockResult.txt",
			);
			runOnlyForDeploymentPostprocessing = 0;
			shellPath = /bin/sh;
			shellScript = "diff \"${PODS_PODFILE_DIR_PATH}/Podfile.lock\" \"${PODS_ROOT}/Manifest.lock\" > /dev/null\nif [ $? != 0 ] ; then\n    # print error to STDERR\n    echo \"error: The sandbox is not in sync with the Podfile.lock. Run 'pod install' or update your CocoaPods installation.\" >&2\n    exit 1\nfi\n# This output is used by Xcode 'outputs' to avoid re-running this script phase.\necho \"SUCCESS\" > \"${SCRIPT_OUTPUT_FILE_0}\"\n";
			showEnvVarsInLog = 0;
		};
		952ED251C61D1DC3FAC0F8EA /* [CP] Embed Pods Frameworks */ = {
			isa = PBXShellScriptBuildPhase;
			buildActionMask = 2147483647;
			files = (
			);
			inputFileListPaths = (
				"${PODS_ROOT}/Target Support Files/Pods-AWARE/Pods-AWARE-frameworks-${CONFIGURATION}-input-files.xcfilelist",
			);
			name = "[CP] Embed Pods Frameworks";
			outputFileListPaths = (
				"${PODS_ROOT}/Target Support Files/Pods-AWARE/Pods-AWARE-frameworks-${CONFIGURATION}-output-files.xcfilelist",
			);
			runOnlyForDeploymentPostprocessing = 0;
			shellPath = /bin/sh;
			shellScript = "\"${PODS_ROOT}/Target Support Files/Pods-AWARE/Pods-AWARE-frameworks.sh\"\n";
			showEnvVarsInLog = 0;
		};
/* End PBXShellScriptBuildPhase section */

/* Begin PBXSourcesBuildPhase section */
		CC9482822AF870DF00A3A64E /* Sources */ = {
			isa = PBXSourcesBuildPhase;
			buildActionMask = 2147483647;
			files = (
				124746D92B6EF1DD002E1AC9 /* UserContact.swift in Sources */,
				1278BA6C2B5CC6D80053DF42 /* DeviceLocationService.swift in Sources */,
				125506B82B5CB61F007F0323 /* Contact.swift in Sources */,
				1278BA6A2B5CC3360053DF42 /* LocationView.swift in Sources */,
				125506B92B5CB61F007F0323 /* ContactListView.swift in Sources */,
				127DBA292B1D572B0031F9F7 /* EnableDataCollection.swift in Sources */,
				CC94828C2AF870DF00A3A64E /* ContentView.swift in Sources */,
				125506BF2B5CB61F007F0323 /* ContactDetailView.swift in Sources */,
				12143EA62B5C8ADE004A168F /* AuthViewModel.swift in Sources */,
				125506BC2B5CB61F007F0323 /* AddContactView.swift in Sources */,
				125506C72B5CC1C1007F0323 /* LocationManager.swift in Sources */,
				12143EA72B5C8ADE004A168F /* RegistrationView.swift in Sources */,
				125506BE2B5CB61F007F0323 /* ImagePicker.swift in Sources */,
				125506BA2B5CB61F007F0323 /* Styles.swift in Sources */,
				127DBA302B1D58040031F9F7 /* SessionDelegator.swift in Sources */,
				12143EAB2B5C8AE9004A168F /* InputView.swift in Sources */,
				12143EA82B5C8ADE004A168F /* LoginView.swift in Sources */,
				125506C52B5CC1BA007F0323 /* LocationDetailsView.swift in Sources */,
				125506BD2B5CB61F007F0323 /* ContactPickerButton.swift in Sources */,
				12143EAE2B5C8AF1004A168F /* User.swift in Sources */,
				125506C32B5CC1B3007F0323 /* LocationRequestView.swift in Sources */,
				12143EB02B5C8AF7004A168F /* TwilioSMSManager.swift in Sources */,
				125506B72B5CB61F007F0323 /* ContactsManager.swift in Sources */,
				CC94828A2AF870DF00A3A64E /* AWAREApp.swift in Sources */,
				125506BB2B5CB61F007F0323 /* ContactRow.swift in Sources */,
			);
			runOnlyForDeploymentPostprocessing = 0;
		};
		CC9482922AF870E100A3A64E /* Sources */ = {
			isa = PBXSourcesBuildPhase;
			buildActionMask = 2147483647;
			files = (
				CC94829B2AF870E100A3A64E /* AWARETests.swift in Sources */,
			);
			runOnlyForDeploymentPostprocessing = 0;
		};
		CC94829C2AF870E100A3A64E /* Sources */ = {
			isa = PBXSourcesBuildPhase;
			buildActionMask = 2147483647;
			files = (
				CC9482A52AF870E100A3A64E /* AWAREUITests.swift in Sources */,
				CC9482A72AF870E100A3A64E /* AWAREUITestsLaunchTests.swift in Sources */,
			);
			runOnlyForDeploymentPostprocessing = 0;
		};
		CC9482A82AF870E100A3A64E /* Sources */ = {
			isa = PBXSourcesBuildPhase;
			buildActionMask = 2147483647;
			files = (
				127DBA2A2B1D572B0031F9F7 /* EnableDataCollection.swift in Sources */,
				CC9482B42AF870E100A3A64E /* ContentView.swift in Sources */,
				127DBA312B1D58040031F9F7 /* SessionDelegator.swift in Sources */,
				CC9482B22AF870E100A3A64E /* AWAREApp.swift in Sources */,
			);
			runOnlyForDeploymentPostprocessing = 0;
		};
		CC9482BA2AF870E300A3A64E /* Sources */ = {
			isa = PBXSourcesBuildPhase;
			buildActionMask = 2147483647;
			files = (
				CC9482C32AF870E300A3A64E /* AWARE_Watch_AppTests.swift in Sources */,
			);
			runOnlyForDeploymentPostprocessing = 0;
		};
		CC9482C42AF870E300A3A64E /* Sources */ = {
			isa = PBXSourcesBuildPhase;
			buildActionMask = 2147483647;
			files = (
				CC9482CD2AF870E300A3A64E /* AWARE_Watch_AppUITests.swift in Sources */,
				CC9482CF2AF870E300A3A64E /* AWARE_Watch_AppUITestsLaunchTests.swift in Sources */,
			);
			runOnlyForDeploymentPostprocessing = 0;
		};
/* End PBXSourcesBuildPhase section */

/* Begin PBXTargetDependency section */
		12006B042B73786200348DE3 /* PBXTargetDependency */ = {
			isa = PBXTargetDependency;
			target = CC9482AB2AF870E100A3A64E /* AWARE Watch App */;
			targetProxy = 12006B032B73786200348DE3 /* PBXContainerItemProxy */;
		};
		CC9482982AF870E100A3A64E /* PBXTargetDependency */ = {
			isa = PBXTargetDependency;
			target = CC9482852AF870DF00A3A64E /* AWARE */;
			targetProxy = CC9482972AF870E100A3A64E /* PBXContainerItemProxy */;
		};
		CC9482A22AF870E100A3A64E /* PBXTargetDependency */ = {
			isa = PBXTargetDependency;
			target = CC9482852AF870DF00A3A64E /* AWARE */;
			targetProxy = CC9482A12AF870E100A3A64E /* PBXContainerItemProxy */;
		};
		CC9482C02AF870E300A3A64E /* PBXTargetDependency */ = {
			isa = PBXTargetDependency;
			target = CC9482AB2AF870E100A3A64E /* AWARE Watch App */;
			targetProxy = CC9482BF2AF870E300A3A64E /* PBXContainerItemProxy */;
		};
		CC9482CA2AF870E300A3A64E /* PBXTargetDependency */ = {
			isa = PBXTargetDependency;
			target = CC9482AB2AF870E100A3A64E /* AWARE Watch App */;
			targetProxy = CC9482C92AF870E300A3A64E /* PBXContainerItemProxy */;
		};
/* End PBXTargetDependency section */

/* Begin XCBuildConfiguration section */
		CC9482D02AF870E300A3A64E /* Debug */ = {
			isa = XCBuildConfiguration;
			buildSettings = {
				ALWAYS_SEARCH_USER_PATHS = NO;
				ASSETCATALOG_COMPILER_GENERATE_SWIFT_ASSET_SYMBOL_EXTENSIONS = YES;
				CLANG_ANALYZER_NONNULL = YES;
				CLANG_ANALYZER_NUMBER_OBJECT_CONVERSION = YES_AGGRESSIVE;
				CLANG_CXX_LANGUAGE_STANDARD = "gnu++20";
				CLANG_ENABLE_MODULES = YES;
				CLANG_ENABLE_OBJC_ARC = YES;
				CLANG_ENABLE_OBJC_WEAK = YES;
				CLANG_WARN_BLOCK_CAPTURE_AUTORELEASING = YES;
				CLANG_WARN_BOOL_CONVERSION = YES;
				CLANG_WARN_COMMA = YES;
				CLANG_WARN_CONSTANT_CONVERSION = YES;
				CLANG_WARN_DEPRECATED_OBJC_IMPLEMENTATIONS = YES;
				CLANG_WARN_DIRECT_OBJC_ISA_USAGE = YES_ERROR;
				CLANG_WARN_DOCUMENTATION_COMMENTS = YES;
				CLANG_WARN_EMPTY_BODY = YES;
				CLANG_WARN_ENUM_CONVERSION = YES;
				CLANG_WARN_INFINITE_RECURSION = YES;
				CLANG_WARN_INT_CONVERSION = YES;
				CLANG_WARN_NON_LITERAL_NULL_CONVERSION = YES;
				CLANG_WARN_OBJC_IMPLICIT_RETAIN_SELF = YES;
				CLANG_WARN_OBJC_LITERAL_CONVERSION = YES;
				CLANG_WARN_OBJC_ROOT_CLASS = YES_ERROR;
				CLANG_WARN_QUOTED_INCLUDE_IN_FRAMEWORK_HEADER = YES;
				CLANG_WARN_RANGE_LOOP_ANALYSIS = YES;
				CLANG_WARN_STRICT_PROTOTYPES = YES;
				CLANG_WARN_SUSPICIOUS_MOVE = YES;
				CLANG_WARN_UNGUARDED_AVAILABILITY = YES_AGGRESSIVE;
				CLANG_WARN_UNREACHABLE_CODE = YES;
				CLANG_WARN__DUPLICATE_METHOD_MATCH = YES;
				COPY_PHASE_STRIP = NO;
				DEAD_CODE_STRIPPING = YES;
				DEBUG_INFORMATION_FORMAT = dwarf;
				ENABLE_STRICT_OBJC_MSGSEND = YES;
				ENABLE_TESTABILITY = YES;
				ENABLE_USER_SCRIPT_SANDBOXING = YES;
				GCC_C_LANGUAGE_STANDARD = gnu17;
				GCC_DYNAMIC_NO_PIC = NO;
				GCC_NO_COMMON_BLOCKS = YES;
				GCC_OPTIMIZATION_LEVEL = 0;
				GCC_PREPROCESSOR_DEFINITIONS = (
					"DEBUG=1",
					"$(inherited)",
				);
				GCC_WARN_64_TO_32_BIT_CONVERSION = YES;
				GCC_WARN_ABOUT_RETURN_TYPE = YES_ERROR;
				GCC_WARN_UNDECLARED_SELECTOR = YES;
				GCC_WARN_UNINITIALIZED_AUTOS = YES_AGGRESSIVE;
				GCC_WARN_UNUSED_FUNCTION = YES;
				GCC_WARN_UNUSED_VARIABLE = YES;
				IPHONEOS_DEPLOYMENT_TARGET = 17.0;
				LOCALIZATION_PREFERS_STRING_CATALOGS = YES;
				MTL_ENABLE_DEBUG_INFO = INCLUDE_SOURCE;
				MTL_FAST_MATH = YES;
				ONLY_ACTIVE_ARCH = YES;
				SWIFT_ACTIVE_COMPILATION_CONDITIONS = "DEBUG $(inherited)";
				SWIFT_OPTIMIZATION_LEVEL = "-Onone";
				TWILIO_ACCOUNT_SID = ACf11ccb3b3093b45e54c92c88bd41f142;
				TWILIO_AUTH_TOKEN = d7d6f0eef79203d2dcd0bcb998e6b280;
				WATCHOS_DEPLOYMENT_TARGET = 10.0;
			};
			name = Debug;
		};
		CC9482D12AF870E300A3A64E /* Release */ = {
			isa = XCBuildConfiguration;
			buildSettings = {
				ALWAYS_SEARCH_USER_PATHS = NO;
				ASSETCATALOG_COMPILER_GENERATE_SWIFT_ASSET_SYMBOL_EXTENSIONS = YES;
				CLANG_ANALYZER_NONNULL = YES;
				CLANG_ANALYZER_NUMBER_OBJECT_CONVERSION = YES_AGGRESSIVE;
				CLANG_CXX_LANGUAGE_STANDARD = "gnu++20";
				CLANG_ENABLE_MODULES = YES;
				CLANG_ENABLE_OBJC_ARC = YES;
				CLANG_ENABLE_OBJC_WEAK = YES;
				CLANG_WARN_BLOCK_CAPTURE_AUTORELEASING = YES;
				CLANG_WARN_BOOL_CONVERSION = YES;
				CLANG_WARN_COMMA = YES;
				CLANG_WARN_CONSTANT_CONVERSION = YES;
				CLANG_WARN_DEPRECATED_OBJC_IMPLEMENTATIONS = YES;
				CLANG_WARN_DIRECT_OBJC_ISA_USAGE = YES_ERROR;
				CLANG_WARN_DOCUMENTATION_COMMENTS = YES;
				CLANG_WARN_EMPTY_BODY = YES;
				CLANG_WARN_ENUM_CONVERSION = YES;
				CLANG_WARN_INFINITE_RECURSION = YES;
				CLANG_WARN_INT_CONVERSION = YES;
				CLANG_WARN_NON_LITERAL_NULL_CONVERSION = YES;
				CLANG_WARN_OBJC_IMPLICIT_RETAIN_SELF = YES;
				CLANG_WARN_OBJC_LITERAL_CONVERSION = YES;
				CLANG_WARN_OBJC_ROOT_CLASS = YES_ERROR;
				CLANG_WARN_QUOTED_INCLUDE_IN_FRAMEWORK_HEADER = YES;
				CLANG_WARN_RANGE_LOOP_ANALYSIS = YES;
				CLANG_WARN_STRICT_PROTOTYPES = YES;
				CLANG_WARN_SUSPICIOUS_MOVE = YES;
				CLANG_WARN_UNGUARDED_AVAILABILITY = YES_AGGRESSIVE;
				CLANG_WARN_UNREACHABLE_CODE = YES;
				CLANG_WARN__DUPLICATE_METHOD_MATCH = YES;
				COPY_PHASE_STRIP = NO;
				DEAD_CODE_STRIPPING = YES;
				DEBUG_INFORMATION_FORMAT = "dwarf-with-dsym";
				ENABLE_NS_ASSERTIONS = NO;
				ENABLE_STRICT_OBJC_MSGSEND = YES;
				ENABLE_USER_SCRIPT_SANDBOXING = YES;
				GCC_C_LANGUAGE_STANDARD = gnu17;
				GCC_NO_COMMON_BLOCKS = YES;
				GCC_WARN_64_TO_32_BIT_CONVERSION = YES;
				GCC_WARN_ABOUT_RETURN_TYPE = YES_ERROR;
				GCC_WARN_UNDECLARED_SELECTOR = YES;
				GCC_WARN_UNINITIALIZED_AUTOS = YES_AGGRESSIVE;
				GCC_WARN_UNUSED_FUNCTION = YES;
				GCC_WARN_UNUSED_VARIABLE = YES;
				IPHONEOS_DEPLOYMENT_TARGET = 17.0;
				LOCALIZATION_PREFERS_STRING_CATALOGS = YES;
				MTL_ENABLE_DEBUG_INFO = NO;
				MTL_FAST_MATH = YES;
				SWIFT_COMPILATION_MODE = wholemodule;
				TWILIO_ACCOUNT_SID = ACf11ccb3b3093b45e54c92c88bd41f142;
				TWILIO_AUTH_TOKEN = d7d6f0eef79203d2dcd0bcb998e6b280;
				WATCHOS_DEPLOYMENT_TARGET = 10.0;
			};
			name = Release;
		};
		CC9482D32AF870E300A3A64E /* Debug */ = {
			isa = XCBuildConfiguration;
			buildSettings = {
				ASSETCATALOG_COMPILER_APPICON_NAME = AppIcon;
				ASSETCATALOG_COMPILER_GLOBAL_ACCENT_COLOR_NAME = AccentColor;
				CODE_SIGN_ENTITLEMENTS = "AWARE Watch App/AWARE Watch App.entitlements";
				CODE_SIGN_STYLE = Automatic;
				CURRENT_PROJECT_VERSION = 1;
				DEVELOPMENT_ASSET_PATHS = "\"AWARE Watch App/Preview Content\"";
				DEVELOPMENT_TEAM = TPAA6G9JYB;
				ENABLE_PREVIEWS = YES;
				GENERATE_INFOPLIST_FILE = YES;
				INFOPLIST_KEY_CFBundleDisplayName = AWARE;
				INFOPLIST_KEY_NSHealthUpdateUsageDescription = "This app needs permission to access/update values relating to breathing, walking steadiness, and heart rate";
				INFOPLIST_KEY_UISupportedInterfaceOrientations = "UIInterfaceOrientationPortrait UIInterfaceOrientationPortraitUpsideDown";
				INFOPLIST_KEY_WKCompanionAppBundleIdentifier = apple.py.AWARE;
				INFOPLIST_KEY_WKRunsIndependentlyOfCompanionApp = YES;
				LD_RUNPATH_SEARCH_PATHS = (
					"$(inherited)",
					"@executable_path/Frameworks",
				);
				MARKETING_VERSION = 1.0;
				PRODUCT_BUNDLE_IDENTIFIER = apple.py.AWARE.watchkitapp;
				PRODUCT_NAME = "$(TARGET_NAME)";
				SDKROOT = watchos;
				SKIP_INSTALL = YES;
				SWIFT_EMIT_LOC_STRINGS = YES;
				SWIFT_VERSION = 5.0;
				TARGETED_DEVICE_FAMILY = 4;
				WATCHOS_DEPLOYMENT_TARGET = 10.0;
			};
			name = Debug;
		};
		CC9482D42AF870E300A3A64E /* Release */ = {
			isa = XCBuildConfiguration;
			buildSettings = {
				ASSETCATALOG_COMPILER_APPICON_NAME = AppIcon;
				ASSETCATALOG_COMPILER_GLOBAL_ACCENT_COLOR_NAME = AccentColor;
				CODE_SIGN_ENTITLEMENTS = "AWARE Watch App/AWARE Watch App.entitlements";
				CODE_SIGN_STYLE = Automatic;
				CURRENT_PROJECT_VERSION = 1;
				DEVELOPMENT_ASSET_PATHS = "\"AWARE Watch App/Preview Content\"";
				DEVELOPMENT_TEAM = TPAA6G9JYB;
				ENABLE_PREVIEWS = YES;
				GENERATE_INFOPLIST_FILE = YES;
				INFOPLIST_KEY_CFBundleDisplayName = AWARE;
				INFOPLIST_KEY_NSHealthUpdateUsageDescription = "This app needs permission to access/update values relating to breathing, walking steadiness, and heart rate";
				INFOPLIST_KEY_UISupportedInterfaceOrientations = "UIInterfaceOrientationPortrait UIInterfaceOrientationPortraitUpsideDown";
				INFOPLIST_KEY_WKCompanionAppBundleIdentifier = apple.py.AWARE;
				INFOPLIST_KEY_WKRunsIndependentlyOfCompanionApp = YES;
				LD_RUNPATH_SEARCH_PATHS = (
					"$(inherited)",
					"@executable_path/Frameworks",
				);
				MARKETING_VERSION = 1.0;
				PRODUCT_BUNDLE_IDENTIFIER = apple.py.AWARE.watchkitapp;
				PRODUCT_NAME = "$(TARGET_NAME)";
				SDKROOT = watchos;
				SKIP_INSTALL = YES;
				SWIFT_EMIT_LOC_STRINGS = YES;
				SWIFT_VERSION = 5.0;
				TARGETED_DEVICE_FAMILY = 4;
				VALIDATE_PRODUCT = YES;
				WATCHOS_DEPLOYMENT_TARGET = 10.0;
			};
			name = Release;
		};
		CC9482D72AF870E300A3A64E /* Debug */ = {
			isa = XCBuildConfiguration;
			baseConfigurationReference = 3D561D5D149A38A31A02F63C /* Pods-AWARE.debug.xcconfig */;
			buildSettings = {
				ALWAYS_EMBED_SWIFT_STANDARD_LIBRARIES = YES;
				ASSETCATALOG_COMPILER_APPICON_NAME = AppIcon;
				ASSETCATALOG_COMPILER_GLOBAL_ACCENT_COLOR_NAME = AccentColor;
				CODE_SIGN_ENTITLEMENTS = AWARE/AWARE.entitlements;
				CODE_SIGN_STYLE = Automatic;
				CURRENT_PROJECT_VERSION = 1;
				DEVELOPMENT_ASSET_PATHS = "\"AWARE/Preview Content\"";
				DEVELOPMENT_TEAM = TPAA6G9JYB;
				ENABLE_PREVIEWS = YES;
				ENABLE_USER_SCRIPT_SANDBOXING = NO;
				GENERATE_INFOPLIST_FILE = YES;
				INFOPLIST_FILE = AWARE/Info.plist;
				INFOPLIST_KEY_CFBundleDisplayName = AWARE;
				INFOPLIST_KEY_LSApplicationCategoryType = "";
				INFOPLIST_KEY_NSHealthShareUsageDescription = "We need access to health data for tracking heart rate, step count, and sleep analysis.";
				INFOPLIST_KEY_NSHealthUpdateUsageDescription = "This app needs access to read / update values related to walking steadiness, breathing rate, and heart rate";
				INFOPLIST_KEY_NSLocationAlwaysAndWhenInUseUsageDescription = "This app needs access to read user location in order to enact safety measures in case of severe or critical intoxication level";
				INFOPLIST_KEY_NSLocationAlwaysUsageDescription = "This app needs access to read user location in order to enact safety measures in case of severe or critical intoxication level";
				INFOPLIST_KEY_NSLocationWhenInUseUsageDescription = "This app needs access to read user location in order to enact safety measures in case of severe or critical intoxication level";
				INFOPLIST_KEY_UIApplicationSceneManifest_Generation = YES;
				INFOPLIST_KEY_UIApplicationSupportsIndirectInputEvents = YES;
				INFOPLIST_KEY_UILaunchScreen_Generation = YES;
				INFOPLIST_KEY_UISupportedInterfaceOrientations_iPad = "UIInterfaceOrientationPortrait UIInterfaceOrientationPortraitUpsideDown UIInterfaceOrientationLandscapeLeft UIInterfaceOrientationLandscapeRight";
				INFOPLIST_KEY_UISupportedInterfaceOrientations_iPhone = "UIInterfaceOrientationPortrait UIInterfaceOrientationLandscapeLeft UIInterfaceOrientationLandscapeRight";
				IPHONEOS_DEPLOYMENT_TARGET = 17.0;
				LD_RUNPATH_SEARCH_PATHS = (
					"$(inherited)",
					"@executable_path/Frameworks",
				);
				MARKETING_VERSION = 1.0;
				NEW_SETTING = "";
				NEW_SETTING1 = "";
				PRODUCT_BUNDLE_IDENTIFIER = apple.py.AWARE;
				PRODUCT_NAME = "$(TARGET_NAME)";
				SDKROOT = iphoneos;
				SWIFT_EMIT_LOC_STRINGS = YES;
				SWIFT_VERSION = 5.0;
				TARGETED_DEVICE_FAMILY = "1,2";
			};
			name = Debug;
		};
		CC9482D82AF870E300A3A64E /* Release */ = {
			isa = XCBuildConfiguration;
			baseConfigurationReference = 49D48D2DEEE2EA7196441BDF /* Pods-AWARE.release.xcconfig */;
			buildSettings = {
				ALWAYS_EMBED_SWIFT_STANDARD_LIBRARIES = YES;
				ASSETCATALOG_COMPILER_APPICON_NAME = AppIcon;
				ASSETCATALOG_COMPILER_GLOBAL_ACCENT_COLOR_NAME = AccentColor;
				CODE_SIGN_ENTITLEMENTS = AWARE/AWARE.entitlements;
				CODE_SIGN_STYLE = Automatic;
				CURRENT_PROJECT_VERSION = 1;
				DEVELOPMENT_ASSET_PATHS = "\"AWARE/Preview Content\"";
				DEVELOPMENT_TEAM = TPAA6G9JYB;
				ENABLE_PREVIEWS = YES;
				ENABLE_USER_SCRIPT_SANDBOXING = NO;
				GENERATE_INFOPLIST_FILE = YES;
				INFOPLIST_FILE = AWARE/Info.plist;
				INFOPLIST_KEY_CFBundleDisplayName = AWARE;
				INFOPLIST_KEY_LSApplicationCategoryType = "";
				INFOPLIST_KEY_NSHealthShareUsageDescription = "We need access to health data for tracking heart rate, step count, and sleep analysis.";
				INFOPLIST_KEY_NSHealthUpdateUsageDescription = "This app needs access to read / update values related to walking steadiness, breathing rate, and heart rate";
				INFOPLIST_KEY_NSLocationAlwaysAndWhenInUseUsageDescription = "This app needs access to read user location in order to enact safety measures in case of severe or critical intoxication level";
				INFOPLIST_KEY_NSLocationAlwaysUsageDescription = "This app needs access to read user location in order to enact safety measures in case of severe or critical intoxication level";
				INFOPLIST_KEY_NSLocationWhenInUseUsageDescription = "This app needs access to read user location in order to enact safety measures in case of severe or critical intoxication level";
				INFOPLIST_KEY_UIApplicationSceneManifest_Generation = YES;
				INFOPLIST_KEY_UIApplicationSupportsIndirectInputEvents = YES;
				INFOPLIST_KEY_UILaunchScreen_Generation = YES;
				INFOPLIST_KEY_UISupportedInterfaceOrientations_iPad = "UIInterfaceOrientationPortrait UIInterfaceOrientationPortraitUpsideDown UIInterfaceOrientationLandscapeLeft UIInterfaceOrientationLandscapeRight";
				INFOPLIST_KEY_UISupportedInterfaceOrientations_iPhone = "UIInterfaceOrientationPortrait UIInterfaceOrientationLandscapeLeft UIInterfaceOrientationLandscapeRight";
				IPHONEOS_DEPLOYMENT_TARGET = 17.0;
				LD_RUNPATH_SEARCH_PATHS = (
					"$(inherited)",
					"@executable_path/Frameworks",
				);
				MARKETING_VERSION = 1.0;
				NEW_SETTING = "";
				NEW_SETTING1 = "";
				PRODUCT_BUNDLE_IDENTIFIER = apple.py.AWARE;
				PRODUCT_NAME = "$(TARGET_NAME)";
				SDKROOT = iphoneos;
				SWIFT_EMIT_LOC_STRINGS = YES;
				SWIFT_VERSION = 5.0;
				TARGETED_DEVICE_FAMILY = "1,2";
				VALIDATE_PRODUCT = YES;
			};
			name = Release;
		};
		CC9482DA2AF870E300A3A64E /* Debug */ = {
			isa = XCBuildConfiguration;
			baseConfigurationReference = 825C0DD259AE3933A18F8425 /* Pods-AWARETests.debug.xcconfig */;
			buildSettings = {
				ALWAYS_EMBED_SWIFT_STANDARD_LIBRARIES = YES;
				BUNDLE_LOADER = "$(TEST_HOST)";
				CODE_SIGN_STYLE = Automatic;
				CURRENT_PROJECT_VERSION = 1;
				GENERATE_INFOPLIST_FILE = YES;
				IPHONEOS_DEPLOYMENT_TARGET = 17.0;
				MARKETING_VERSION = 1.0;
				PRODUCT_BUNDLE_IDENTIFIER = apple.py.AWARETests;
				PRODUCT_NAME = "$(TARGET_NAME)";
				SDKROOT = iphoneos;
				SWIFT_EMIT_LOC_STRINGS = NO;
				SWIFT_VERSION = 5.0;
				TARGETED_DEVICE_FAMILY = "1,2";
				TEST_HOST = "$(BUILT_PRODUCTS_DIR)/AWARE.app/$(BUNDLE_EXECUTABLE_FOLDER_PATH)/AWARE";
			};
			name = Debug;
		};
		CC9482DB2AF870E300A3A64E /* Release */ = {
			isa = XCBuildConfiguration;
			baseConfigurationReference = 405C03793B373ABC3F7F9CB8 /* Pods-AWARETests.release.xcconfig */;
			buildSettings = {
				ALWAYS_EMBED_SWIFT_STANDARD_LIBRARIES = YES;
				BUNDLE_LOADER = "$(TEST_HOST)";
				CODE_SIGN_STYLE = Automatic;
				CURRENT_PROJECT_VERSION = 1;
				GENERATE_INFOPLIST_FILE = YES;
				IPHONEOS_DEPLOYMENT_TARGET = 17.0;
				MARKETING_VERSION = 1.0;
				PRODUCT_BUNDLE_IDENTIFIER = apple.py.AWARETests;
				PRODUCT_NAME = "$(TARGET_NAME)";
				SDKROOT = iphoneos;
				SWIFT_EMIT_LOC_STRINGS = NO;
				SWIFT_VERSION = 5.0;
				TARGETED_DEVICE_FAMILY = "1,2";
				TEST_HOST = "$(BUILT_PRODUCTS_DIR)/AWARE.app/$(BUNDLE_EXECUTABLE_FOLDER_PATH)/AWARE";
				VALIDATE_PRODUCT = YES;
			};
			name = Release;
		};
		CC9482DD2AF870E300A3A64E /* Debug */ = {
			isa = XCBuildConfiguration;
			buildSettings = {
				ALWAYS_EMBED_SWIFT_STANDARD_LIBRARIES = YES;
				CODE_SIGN_STYLE = Automatic;
				CURRENT_PROJECT_VERSION = 1;
				GENERATE_INFOPLIST_FILE = YES;
				INFOPLIST_FILE = AWAREUITests/Info.plist;
				INFOPLIST_KEY_CFBundleDisplayName = "";
				INFOPLIST_KEY_LSApplicationCategoryType = "";
				IPHONEOS_DEPLOYMENT_TARGET = 17.0;
				MARKETING_VERSION = 1.0;
				PRODUCT_BUNDLE_IDENTIFIER = apple.py.AWAREUITests;
				PRODUCT_NAME = "$(TARGET_NAME)";
				SDKROOT = iphoneos;
				SWIFT_EMIT_LOC_STRINGS = NO;
				SWIFT_VERSION = 5.0;
				TARGETED_DEVICE_FAMILY = "1,2";
				TEST_TARGET_NAME = AWARE;
			};
			name = Debug;
		};
		CC9482DE2AF870E300A3A64E /* Release */ = {
			isa = XCBuildConfiguration;
			buildSettings = {
				ALWAYS_EMBED_SWIFT_STANDARD_LIBRARIES = YES;
				CODE_SIGN_STYLE = Automatic;
				CURRENT_PROJECT_VERSION = 1;
				GENERATE_INFOPLIST_FILE = YES;
				INFOPLIST_FILE = AWAREUITests/Info.plist;
				INFOPLIST_KEY_CFBundleDisplayName = "";
				INFOPLIST_KEY_LSApplicationCategoryType = "";
				IPHONEOS_DEPLOYMENT_TARGET = 17.0;
				MARKETING_VERSION = 1.0;
				PRODUCT_BUNDLE_IDENTIFIER = apple.py.AWAREUITests;
				PRODUCT_NAME = "$(TARGET_NAME)";
				SDKROOT = iphoneos;
				SWIFT_EMIT_LOC_STRINGS = NO;
				SWIFT_VERSION = 5.0;
				TARGETED_DEVICE_FAMILY = "1,2";
				TEST_TARGET_NAME = AWARE;
				VALIDATE_PRODUCT = YES;
			};
			name = Release;
		};
		CC9482E02AF870E300A3A64E /* Debug */ = {
			isa = XCBuildConfiguration;
			baseConfigurationReference = EB0008F7A11C779E46FB4E69 /* Pods-AWARE Watch AppTests.debug.xcconfig */;
			buildSettings = {
				ALWAYS_EMBED_SWIFT_STANDARD_LIBRARIES = YES;
				BUNDLE_LOADER = "$(TEST_HOST)";
				CODE_SIGN_STYLE = Automatic;
				CURRENT_PROJECT_VERSION = 1;
				GENERATE_INFOPLIST_FILE = YES;
				MARKETING_VERSION = 1.0;
				PRODUCT_BUNDLE_IDENTIFIER = "apple.py.AWARE-Watch-AppTests";
				PRODUCT_NAME = "$(TARGET_NAME)";
				SDKROOT = watchos;
				SWIFT_EMIT_LOC_STRINGS = NO;
				SWIFT_VERSION = 5.0;
				TARGETED_DEVICE_FAMILY = 4;
				TEST_HOST = "$(BUILT_PRODUCTS_DIR)/AWARE Watch App.app/$(BUNDLE_EXECUTABLE_FOLDER_PATH)/AWARE Watch App";
				WATCHOS_DEPLOYMENT_TARGET = 10.0;
			};
			name = Debug;
		};
		CC9482E12AF870E300A3A64E /* Release */ = {
			isa = XCBuildConfiguration;
			baseConfigurationReference = 5655CFE3C3F087D173B7F6F0 /* Pods-AWARE Watch AppTests.release.xcconfig */;
			buildSettings = {
				ALWAYS_EMBED_SWIFT_STANDARD_LIBRARIES = YES;
				BUNDLE_LOADER = "$(TEST_HOST)";
				CODE_SIGN_STYLE = Automatic;
				CURRENT_PROJECT_VERSION = 1;
				GENERATE_INFOPLIST_FILE = YES;
				MARKETING_VERSION = 1.0;
				PRODUCT_BUNDLE_IDENTIFIER = "apple.py.AWARE-Watch-AppTests";
				PRODUCT_NAME = "$(TARGET_NAME)";
				SDKROOT = watchos;
				SWIFT_EMIT_LOC_STRINGS = NO;
				SWIFT_VERSION = 5.0;
				TARGETED_DEVICE_FAMILY = 4;
				TEST_HOST = "$(BUILT_PRODUCTS_DIR)/AWARE Watch App.app/$(BUNDLE_EXECUTABLE_FOLDER_PATH)/AWARE Watch App";
				VALIDATE_PRODUCT = YES;
				WATCHOS_DEPLOYMENT_TARGET = 10.0;
			};
			name = Release;
		};
		CC9482E32AF870E300A3A64E /* Debug */ = {
			isa = XCBuildConfiguration;
			baseConfigurationReference = 406187498D125379879CB313 /* Pods-AWARE Watch AppUITests.debug.xcconfig */;
			buildSettings = {
				ALWAYS_EMBED_SWIFT_STANDARD_LIBRARIES = YES;
				CODE_SIGN_STYLE = Automatic;
				CURRENT_PROJECT_VERSION = 1;
				GENERATE_INFOPLIST_FILE = YES;
				MARKETING_VERSION = 1.0;
				PRODUCT_BUNDLE_IDENTIFIER = "apple.py.AWARE-Watch-AppUITests";
				PRODUCT_NAME = "$(TARGET_NAME)";
				SDKROOT = watchos;
				SWIFT_EMIT_LOC_STRINGS = NO;
				SWIFT_VERSION = 5.0;
				TARGETED_DEVICE_FAMILY = 4;
				TEST_TARGET_NAME = "AWARE Watch App";
				WATCHOS_DEPLOYMENT_TARGET = 10.0;
			};
			name = Debug;
		};
		CC9482E42AF870E300A3A64E /* Release */ = {
			isa = XCBuildConfiguration;
			baseConfigurationReference = F8DF0414AC456B27C7FA0F2B /* Pods-AWARE Watch AppUITests.release.xcconfig */;
			buildSettings = {
				ALWAYS_EMBED_SWIFT_STANDARD_LIBRARIES = YES;
				CODE_SIGN_STYLE = Automatic;
				CURRENT_PROJECT_VERSION = 1;
				GENERATE_INFOPLIST_FILE = YES;
				MARKETING_VERSION = 1.0;
				PRODUCT_BUNDLE_IDENTIFIER = "apple.py.AWARE-Watch-AppUITests";
				PRODUCT_NAME = "$(TARGET_NAME)";
				SDKROOT = watchos;
				SWIFT_EMIT_LOC_STRINGS = NO;
				SWIFT_VERSION = 5.0;
				TARGETED_DEVICE_FAMILY = 4;
				TEST_TARGET_NAME = "AWARE Watch App";
				VALIDATE_PRODUCT = YES;
				WATCHOS_DEPLOYMENT_TARGET = 10.0;
			};
			name = Release;
		};
/* End XCBuildConfiguration section */

/* Begin XCConfigurationList section */
		CC9482812AF870DF00A3A64E /* Build configuration list for PBXProject "AWARE" */ = {
			isa = XCConfigurationList;
			buildConfigurations = (
				CC9482D02AF870E300A3A64E /* Debug */,
				CC9482D12AF870E300A3A64E /* Release */,
			);
			defaultConfigurationIsVisible = 0;
			defaultConfigurationName = Release;
		};
		CC9482D22AF870E300A3A64E /* Build configuration list for PBXNativeTarget "AWARE Watch App" */ = {
			isa = XCConfigurationList;
			buildConfigurations = (
				CC9482D32AF870E300A3A64E /* Debug */,
				CC9482D42AF870E300A3A64E /* Release */,
			);
			defaultConfigurationIsVisible = 0;
			defaultConfigurationName = Release;
		};
		CC9482D62AF870E300A3A64E /* Build configuration list for PBXNativeTarget "AWARE" */ = {
			isa = XCConfigurationList;
			buildConfigurations = (
				CC9482D72AF870E300A3A64E /* Debug */,
				CC9482D82AF870E300A3A64E /* Release */,
			);
			defaultConfigurationIsVisible = 0;
			defaultConfigurationName = Release;
		};
		CC9482D92AF870E300A3A64E /* Build configuration list for PBXNativeTarget "AWARETests" */ = {
			isa = XCConfigurationList;
			buildConfigurations = (
				CC9482DA2AF870E300A3A64E /* Debug */,
				CC9482DB2AF870E300A3A64E /* Release */,
			);
			defaultConfigurationIsVisible = 0;
			defaultConfigurationName = Release;
		};
		CC9482DC2AF870E300A3A64E /* Build configuration list for PBXNativeTarget "AWAREUITests" */ = {
			isa = XCConfigurationList;
			buildConfigurations = (
				CC9482DD2AF870E300A3A64E /* Debug */,
				CC9482DE2AF870E300A3A64E /* Release */,
			);
			defaultConfigurationIsVisible = 0;
			defaultConfigurationName = Release;
		};
		CC9482DF2AF870E300A3A64E /* Build configuration list for PBXNativeTarget "AWARE Watch AppTests" */ = {
			isa = XCConfigurationList;
			buildConfigurations = (
				CC9482E02AF870E300A3A64E /* Debug */,
				CC9482E12AF870E300A3A64E /* Release */,
			);
			defaultConfigurationIsVisible = 0;
			defaultConfigurationName = Release;
		};
		CC9482E22AF870E300A3A64E /* Build configuration list for PBXNativeTarget "AWARE Watch AppUITests" */ = {
			isa = XCConfigurationList;
			buildConfigurations = (
				CC9482E32AF870E300A3A64E /* Debug */,
				CC9482E42AF870E300A3A64E /* Release */,
			);
			defaultConfigurationIsVisible = 0;
			defaultConfigurationName = Release;
		};
/* End XCConfigurationList section */

/* Begin XCRemoteSwiftPackageReference section */
		12143EB82B5C8B41004A168F /* XCRemoteSwiftPackageReference "firebase-ios-sdk" */ = {
			isa = XCRemoteSwiftPackageReference;
			repositoryURL = "https://github.com/firebase/firebase-ios-sdk";
			requirement = {
				kind = upToNextMajorVersion;
				minimumVersion = 10.20.0;
			};
		};
		12143EBD2B5C8B52004A168F /* XCRemoteSwiftPackageReference "Alamofire" */ = {
			isa = XCRemoteSwiftPackageReference;
			repositoryURL = "https://github.com/Alamofire/Alamofire/";
			requirement = {
				kind = upToNextMajorVersion;
				minimumVersion = 5.8.1;
			};
		};
/* End XCRemoteSwiftPackageReference section */

/* Begin XCSwiftPackageProductDependency section */
		12143EB92B5C8B41004A168F /* FirebaseAnalytics */ = {
			isa = XCSwiftPackageProductDependency;
			package = 12143EB82B5C8B41004A168F /* XCRemoteSwiftPackageReference "firebase-ios-sdk" */;
			productName = FirebaseAnalytics;
		};
		12143EBB2B5C8B41004A168F /* FirebaseAnalyticsSwift */ = {
			isa = XCSwiftPackageProductDependency;
			package = 12143EB82B5C8B41004A168F /* XCRemoteSwiftPackageReference "firebase-ios-sdk" */;
			productName = FirebaseAnalyticsSwift;
		};
		12143EBE2B5C8B52004A168F /* Alamofire */ = {
			isa = XCSwiftPackageProductDependency;
			package = 12143EBD2B5C8B52004A168F /* XCRemoteSwiftPackageReference "Alamofire" */;
			productName = Alamofire;
		};
		12143EC12B5C8B68004A168F /* FirebaseDatabase */ = {
			isa = XCSwiftPackageProductDependency;
			package = 12143EB82B5C8B41004A168F /* XCRemoteSwiftPackageReference "firebase-ios-sdk" */;
			productName = FirebaseDatabase;
		};
		12143EC32B5C8B70004A168F /* FirebaseAuth */ = {
			isa = XCSwiftPackageProductDependency;
			package = 12143EB82B5C8B41004A168F /* XCRemoteSwiftPackageReference "firebase-ios-sdk" */;
			productName = FirebaseAuth;
		};
		124746DA2B6F0033002E1AC9 /* FirebaseStorage */ = {
			isa = XCSwiftPackageProductDependency;
			package = 12143EB82B5C8B41004A168F /* XCRemoteSwiftPackageReference "firebase-ios-sdk" */;
			productName = FirebaseStorage;
		};
/* End XCSwiftPackageProductDependency section */
	};
	rootObject = CC94827E2AF870DF00A3A64E /* Project object */;
}
